// !$*UTF8*$!
{
	archiveVersion = 1;
	classes = {
	};
	objectVersion = 46;
	objects = {

/* Begin PBXBuildFile section */
		8404CACB19A3943400B97E33 /* AAViewController.m in Sources */ = {isa = PBXBuildFile; fileRef = 8404CACA19A3943400B97E33 /* AAViewController.m */; };
		CE519EDE180A93B7001D5845 /* UIKit.framework in Frameworks */ = {isa = PBXBuildFile; fileRef = CE519EDD180A93B7001D5845 /* UIKit.framework */; };
		CE519EE0180A93B7001D5845 /* Foundation.framework in Frameworks */ = {isa = PBXBuildFile; fileRef = CE519EDF180A93B7001D5845 /* Foundation.framework */; };
		CE519EE2180A93B7001D5845 /* CoreGraphics.framework in Frameworks */ = {isa = PBXBuildFile; fileRef = CE519EE1180A93B7001D5845 /* CoreGraphics.framework */; };
		CE519EE8180A93B7001D5845 /* InfoPlist.strings in Resources */ = {isa = PBXBuildFile; fileRef = CE519EE6180A93B7001D5845 /* InfoPlist.strings */; };
		CE519EEA180A93B7001D5845 /* main.m in Sources */ = {isa = PBXBuildFile; fileRef = CE519EE9180A93B7001D5845 /* main.m */; };
		CE519EEE180A93B7001D5845 /* TSAppDelegate.m in Sources */ = {isa = PBXBuildFile; fileRef = CE519EED180A93B7001D5845 /* TSAppDelegate.m */; };
		CE519EF0180A93B7001D5845 /* Default.png in Resources */ = {isa = PBXBuildFile; fileRef = CE519EEF180A93B7001D5845 /* Default.png */; };
		CE519EF2180A93B7001D5845 /* Default@2x.png in Resources */ = {isa = PBXBuildFile; fileRef = CE519EF1180A93B7001D5845 /* Default@2x.png */; };
		CE519EF4180A93B7001D5845 /* Default-568h@2x.png in Resources */ = {isa = PBXBuildFile; fileRef = CE519EF3180A93B7001D5845 /* Default-568h@2x.png */; };
		CE519EF7180A93B7001D5845 /* TSViewController.m in Sources */ = {isa = PBXBuildFile; fileRef = CE519EF6180A93B7001D5845 /* TSViewController.m */; };
		CE519EFA180A93B7001D5845 /* TSViewController.xib in Resources */ = {isa = PBXBuildFile; fileRef = CE519EF8180A93B7001D5845 /* TSViewController.xib */; };
/* End PBXBuildFile section */

/* Begin PBXFileReference section */
		8404CAC919A3943400B97E33 /* AAViewController.h */ = {isa = PBXFileReference; fileEncoding = 4; lastKnownFileType = sourcecode.c.h; path = AAViewController.h; sourceTree = "<group>"; };
		8404CACA19A3943400B97E33 /* AAViewController.m */ = {isa = PBXFileReference; fileEncoding = 4; lastKnownFileType = sourcecode.c.objc; path = AAViewController.m; sourceTree = "<group>"; };
		CE519EDA180A93B7001D5845 /* kenburms.app */ = {isa = PBXFileReference; explicitFileType = wrapper.application; includeInIndex = 0; path = kenburms.app; sourceTree = BUILT_PRODUCTS_DIR; };
		CE519EDD180A93B7001D5845 /* UIKit.framework */ = {isa = PBXFileReference; lastKnownFileType = wrapper.framework; name = UIKit.framework; path = System/Library/Frameworks/UIKit.framework; sourceTree = SDKROOT; };
		CE519EDF180A93B7001D5845 /* Foundation.framework */ = {isa = PBXFileReference; lastKnownFileType = wrapper.framework; name = Foundation.framework; path = System/Library/Frameworks/Foundation.framework; sourceTree = SDKROOT; };
		CE519EE1180A93B7001D5845 /* CoreGraphics.framework */ = {isa = PBXFileReference; lastKnownFileType = wrapper.framework; name = CoreGraphics.framework; path = System/Library/Frameworks/CoreGraphics.framework; sourceTree = SDKROOT; };
		CE519EE5180A93B7001D5845 /* kenburms-Info.plist */ = {isa = PBXFileReference; lastKnownFileType = text.plist.xml; path = "kenburms-Info.plist"; sourceTree = "<group>"; };
		CE519EE7180A93B7001D5845 /* en */ = {isa = PBXFileReference; lastKnownFileType = text.plist.strings; name = en; path = en.lproj/InfoPlist.strings; sourceTree = "<group>"; };
		CE519EE9180A93B7001D5845 /* main.m */ = {isa = PBXFileReference; lastKnownFileType = sourcecode.c.objc; path = main.m; sourceTree = "<group>"; };
		CE519EEB180A93B7001D5845 /* kenburms-Prefix.pch */ = {isa = PBXFileReference; lastKnownFileType = sourcecode.c.h; path = "kenburms-Prefix.pch"; sourceTree = "<group>"; };
		CE519EEC180A93B7001D5845 /* TSAppDelegate.h */ = {isa = PBXFileReference; lastKnownFileType = sourcecode.c.h; path = TSAppDelegate.h; sourceTree = "<group>"; };
		CE519EED180A93B7001D5845 /* TSAppDelegate.m */ = {isa = PBXFileReference; lastKnownFileType = sourcecode.c.objc; path = TSAppDelegate.m; sourceTree = "<group>"; };
		CE519EEF180A93B7001D5845 /* Default.png */ = {isa = PBXFileReference; lastKnownFileType = image.png; path = Default.png; sourceTree = "<group>"; };
		CE519EF1180A93B7001D5845 /* Default@2x.png */ = {isa = PBXFileReference; lastKnownFileType = image.png; path = "Default@2x.png"; sourceTree = "<group>"; };
		CE519EF3180A93B7001D5845 /* Default-568h@2x.png */ = {isa = PBXFileReference; lastKnownFileType = image.png; path = "Default-568h@2x.png"; sourceTree = "<group>"; };
		CE519EF5180A93B7001D5845 /* TSViewController.h */ = {isa = PBXFileReference; lastKnownFileType = sourcecode.c.h; path = TSViewController.h; sourceTree = "<group>"; };
		CE519EF6180A93B7001D5845 /* TSViewController.m */ = {isa = PBXFileReference; lastKnownFileType = sourcecode.c.objc; path = TSViewController.m; sourceTree = "<group>"; };
		CE519EF9180A93B7001D5845 /* en */ = {isa = PBXFileReference; lastKnownFileType = file.xib; name = en; path = en.lproj/TSViewController.xib; sourceTree = "<group>"; };
/* End PBXFileReference section */

/* Begin PBXFrameworksBuildPhase section */
		CE519ED7180A93B7001D5845 /* Frameworks */ = {
			isa = PBXFrameworksBuildPhase;
			buildActionMask = 2147483647;
			files = (
				CE519EDE180A93B7001D5845 /* UIKit.framework in Frameworks */,
				CE519EE0180A93B7001D5845 /* Foundation.framework in Frameworks */,
				CE519EE2180A93B7001D5845 /* CoreGraphics.framework in Frameworks */,
			);
			runOnlyForDeploymentPostprocessing = 0;
		};
/* End PBXFrameworksBuildPhase section */

/* Begin PBXGroup section */
		CE519ED1180A93B7001D5845 = {
			isa = PBXGroup;
			children = (
				CE519EE3180A93B7001D5845 /* kenburms */,
				CE519EDC180A93B7001D5845 /* Frameworks */,
				CE519EDB180A93B7001D5845 /* Products */,
			);
			sourceTree = "<group>";
		};
		CE519EDB180A93B7001D5845 /* Products */ = {
			isa = PBXGroup;
			children = (
				CE519EDA180A93B7001D5845 /* kenburms.app */,
			);
			name = Products;
			sourceTree = "<group>";
		};
		CE519EDC180A93B7001D5845 /* Frameworks */ = {
			isa = PBXGroup;
			children = (
				CE519EDD180A93B7001D5845 /* UIKit.framework */,
				CE519EDF180A93B7001D5845 /* Foundation.framework */,
				CE519EE1180A93B7001D5845 /* CoreGraphics.framework */,
			);
			name = Frameworks;
			sourceTree = "<group>";
		};
		CE519EE3180A93B7001D5845 /* kenburms */ = {
			isa = PBXGroup;
			children = (
				CE519EEC180A93B7001D5845 /* TSAppDelegate.h */,
				CE519EED180A93B7001D5845 /* TSAppDelegate.m */,
				CE519EF5180A93B7001D5845 /* TSViewController.h */,
				CE519EF6180A93B7001D5845 /* TSViewController.m */,
				CE519EF8180A93B7001D5845 /* TSViewController.xib */,
				CE519EE4180A93B7001D5845 /* Supporting Files */,
				8404CAC919A3943400B97E33 /* AAViewController.h */,
				8404CACA19A3943400B97E33 /* AAViewController.m */,
			);
			path = kenburms;
			sourceTree = "<group>";
		};
		CE519EE4180A93B7001D5845 /* Supporting Files */ = {
			isa = PBXGroup;
			children = (
				CE519EE5180A93B7001D5845 /* kenburms-Info.plist */,
				CE519EE6180A93B7001D5845 /* InfoPlist.strings */,
				CE519EE9180A93B7001D5845 /* main.m */,
				CE519EEB180A93B7001D5845 /* kenburms-Prefix.pch */,
				CE519EEF180A93B7001D5845 /* Default.png */,
				CE519EF1180A93B7001D5845 /* Default@2x.png */,
				CE519EF3180A93B7001D5845 /* Default-568h@2x.png */,
			);
			name = "Supporting Files";
			sourceTree = "<group>";
		};
/* End PBXGroup section */

/* Begin PBXNativeTarget section */
		CE519ED9180A93B7001D5845 /* kenburms */ = {
			isa = PBXNativeTarget;
			buildConfigurationList = CE519EFD180A93B7001D5845 /* Build configuration list for PBXNativeTarget "kenburms" */;
			buildPhases = (
				CE519ED6180A93B7001D5845 /* Sources */,
				CE519ED7180A93B7001D5845 /* Frameworks */,
				CE519ED8180A93B7001D5845 /* Resources */,
			);
			buildRules = (
			);
			dependencies = (
			);
			name = kenburms;
			productName = kenburms;
			productReference = CE519EDA180A93B7001D5845 /* kenburms.app */;
			productType = "com.apple.product-type.application";
		};
/* End PBXNativeTarget section */

/* Begin PBXProject section */
		CE519ED2180A93B7001D5845 /* Project object */ = {
			isa = PBXProject;
			attributes = {
				CLASSPREFIX = TS;
				LastUpgradeCheck = 0460;
				ORGANIZATIONNAME = sen;
			};
			buildConfigurationList = CE519ED5180A93B7001D5845 /* Build configuration list for PBXProject "kenburms" */;
			compatibilityVersion = "Xcode 3.2";
			developmentRegion = English;
			hasScannedForEncodings = 0;
			knownRegions = (
				en,
			);
			mainGroup = CE519ED1180A93B7001D5845;
			productRefGroup = CE519EDB180A93B7001D5845 /* Products */;
			projectDirPath = "";
			projectRoot = "";
			targets = (
				CE519ED9180A93B7001D5845 /* kenburms */,
			);
		};
/* End PBXProject section */

/* Begin PBXResourcesBuildPhase section */
		CE519ED8180A93B7001D5845 /* Resources */ = {
			isa = PBXResourcesBuildPhase;
			buildActionMask = 2147483647;
			files = (
				CE519EE8180A93B7001D5845 /* InfoPlist.strings in Resources */,
				CE519EF0180A93B7001D5845 /* Default.png in Resources */,
				CE519EF2180A93B7001D5845 /* Default@2x.png in Resources */,
				CE519EF4180A93B7001D5845 /* Default-568h@2x.png in Resources */,
				CE519EFA180A93B7001D5845 /* TSViewController.xib in Resources */,
			);
			runOnlyForDeploymentPostprocessing = 0;
		};
/* End PBXResourcesBuildPhase section */

/* Begin PBXSourcesBuildPhase section */
		CE519ED6180A93B7001D5845 /* Sources */ = {
			isa = PBXSourcesBuildPhase;
			buildActionMask = 2147483647;
			files = (
				CE519EEA180A93B7001D5845 /* main.m in Sources */,
				CE519EEE180A93B7001D5845 /* TSAppDelegate.m in Sources */,
				8404CACB19A3943400B97E33 /* AAViewController.m in Sources */,
				CE519EF7180A93B7001D5845 /* TSViewController.m in Sources */,
			);
			runOnlyForDeploymentPostprocessing = 0;
		};
/* End PBXSourcesBuildPhase section */

/* Begin PBXVariantGroup section */
		CE519EE6180A93B7001D5845 /* InfoPlist.strings */ = {
			isa = PBXVariantGroup;
			children = (
				CE519EE7180A93B7001D5845 /* en */,
			);
			name = InfoPlist.strings;
			sourceTree = "<group>";
		};
		CE519EF8180A93B7001D5845 /* TSViewController.xib */ = {
			isa = PBXVariantGroup;
			children = (
				CE519EF9180A93B7001D5845 /* en */,
			);
			name = TSViewController.xib;
			sourceTree = "<group>";
		};
/* End PBXVariantGroup section */

/* Begin XCBuildConfiguration section */
		CE519EFB180A93B7001D5845 /* Debug */ = {
			isa = XCBuildConfiguration;
			buildSettings = {
				ALWAYS_SEARCH_USER_PATHS = NO;
				CLANG_CXX_LANGUAGE_STANDARD = "gnu++0x";
				CLANG_CXX_LIBRARY = "libc++";
				CLANG_WARN_CONSTANT_CONVERSION = YES;
				CLANG_WARN_EMPTY_BODY = YES;
				CLANG_WARN_ENUM_CONVERSION = YES;
				CLANG_WARN_INT_CONVERSION = YES;
				CLANG_WARN__DUPLICATE_METHOD_MATCH = YES;
				"CODE_SIGN_IDENTITY[sdk=iphoneos*]" = "iPhone Developer";
				COPY_PHASE_STRIP = NO;
				GCC_C_LANGUAGE_STANDARD = gnu99;
				GCC_DYNAMIC_NO_PIC = NO;
				GCC_OPTIMIZATION_LEVEL = 0;
				GCC_PREPROCESSOR_DEFINITIONS = (
					"DEBUG=1",
					"$(inherited)",
				);
				GCC_SYMBOLS_PRIVATE_EXTERN = NO;
				GCC_WARN_ABOUT_RETURN_TYPE = YES;
				GCC_WARN_UNINITIALIZED_AUTOS = YES;
				GCC_WARN_UNUSED_VARIABLE = YES;
				IPHONEOS_DEPLOYMENT_TARGET = 6.1;
				ONLY_ACTIVE_ARCH = YES;
				SDKROOT = iphoneos;
			};
			name = Debug;
		};
		CE519EFC180A93B7001D5845 /* Release */ = {
			isa = XCBuildConfiguration;
			buildSettings = {
				ALWAYS_SEARCH_USER_PATHS = NO;
				CLANG_CXX_LANGUAGE_STANDARD = "gnu++0x";
				CLANG_CXX_LIBRARY = "libc++";
				CLANG_WARN_CONSTANT_CONVERSION = YES;
				CLANG_WARN_EMPTY_BODY = YES;
				CLANG_WARN_ENUM_CONVERSION = YES;
				CLANG_WARN_INT_CONVERSION = YES;
				CLANG_WARN__DUPLICATE_METHOD_MATCH = YES;
				"CODE_SIGN_IDENTITY[sdk=iphoneos*]" = "iPhone Developer";
				COPY_PHASE_STRIP = YES;
				GCC_C_LANGUAGE_STANDARD = gnu99;
				GCC_WARN_ABOUT_RETURN_TYPE = YES;
				GCC_WARN_UNINITIALIZED_AUTOS = YES;
				GCC_WARN_UNUSED_VARIABLE = YES;
				IPHONEOS_DEPLOYMENT_TARGET = 6.1;
				OTHER_CFLAGS = "-DNS_BLOCK_ASSERTIONS=1";
				SDKROOT = iphoneos;
				VALIDATE_PRODUCT = YES;
			};
			name = Release;
		};
		CE519EFE180A93B7001D5845 /* Debug */ = {
			isa = XCBuildConfiguration;
			buildSettings = {
				GCC_PRECOMPILE_PREFIX_HEADER = YES;
				GCC_PREFIX_HEADER = "kenburms/kenburms-Prefix.pch";
				INFOPLIST_FILE = "kenburms/kenburms-Info.plist";
				PRODUCT_NAME = "$(TARGET_NAME)";
				WRAPPER_EXTENSION = app;
			};
			name = Debug;
		};
		CE519EFF180A93B7001D5845 /* Release */ = {
			isa = XCBuildConfiguration;
			buildSettings = {
				GCC_PRECOMPILE_PREFIX_HEADER = YES;
				GCC_PREFIX_HEADER = "kenburms/kenburms-Prefix.pch";
				INFOPLIST_FILE = "kenburms/kenburms-Info.plist";
				PRODUCT_NAME = "$(TARGET_NAME)";
				WRAPPER_EXTENSION = app;
			};
			name = Release;
		};
/* End XCBuildConfiguration section */

/* Begin XCConfigurationList section */
		CE519ED5180A93B7001D5845 /* Build configuration list for PBXProject "kenburms" */ = {
			isa = XCConfigurationList;
			buildConfigurations = (
				CE519EFB180A93B7001D5845 /* Debug */,
				CE519EFC180A93B7001D5845 /* Release */,
			);
			defaultConfigurationIsVisible = 0;
			defaultConfigurationName = Release;
		};
		CE519EFD180A93B7001D5845 /* Build configuration list for PBXNativeTarget "kenburms" */ = {
			isa = XCConfigurationList;
			buildConfigurations = (
				CE519EFE180A93B7001D5845 /* Debug */,
				CE519EFF180A93B7001D5845 /* Release */,
			);
			defaultConfigurationIsVisible = 0;
			defaultConfigurationName = Release;
		};
/* End XCConfigurationList section */
	};
	rootObject = CE519ED2180A93B7001D5845 /* Project object */;
}
